
Microsoft Visual Studio Solution File, Format Version 12.00
# Visual Studio Version 17
VisualStudioVersion = 17.11.35208.52
MinimumVisualStudioVersion = 10.0.40219.1
Project("{9A19103F-16F7-4668-BE54-9A1E7A4F7556}") = "SentencePiece.NET", "SentencePiece.NET\SentencePiece.NET.csproj", "{F24E65C2-B8E6-4A90-A63A-4C302EBEE69F}"
EndProject
Project("{9A19103F-16F7-4668-BE54-9A1E7A4F7556}") = "SentencePiece.NET.Test", "SentencePiece.NET.Test\SentencePiece.NET.Test.csproj", "{A5733264-8EF0-4DD7-8922-D279DFCB1CF5}"
EndProject
Project("{2150E333-8FDC-42A3-9474-1A3956D46DE8}") = "Solution Files", "Solution Files", "{800B372F-C2DD-4CA6-957D-045FA4C3C4F6}"
	ProjectSection(SolutionItems) = preProject
		.gitignore = .gitignore
		README.md = README.md
	EndProjectSection
EndProject
Global
	GlobalSection(SolutionConfigurationPlatforms) = preSolution
		Debug|Any CPU = Debug|Any CPU
		Release|Any CPU = Release|Any CPU
	EndGlobalSection
	GlobalSection(ProjectConfigurationPlatforms) = postSolution
		{F24E65C2-B8E6-4A90-A63A-4C302EBEE69F}.Debug|Any CPU.ActiveCfg = Debug|Any CPU
		{F24E65C2-B8E6-4A90-A63A-4C302EBEE69F}.Debug|Any CPU.Build.0 = Debug|Any CPU
		{F24E65C2-B8E6-4A90-A63A-4C302EBEE69F}.Release|Any CPU.ActiveCfg = Release|Any CPU
		{F24E65C2-B8E6-4A90-A63A-4C302EBEE69F}.Release|Any CPU.Build.0 = Release|Any CPU
		{A5733264-8EF0-4DD7-8922-D279DFCB1CF5}.Debug|Any CPU.ActiveCfg = Debug|Any CPU
		{A5733264-8EF0-4DD7-8922-D279DFCB1CF5}.Debug|Any CPU.Build.0 = Debug|Any CPU
		{A5733264-8EF0-4DD7-8922-D279DFCB1CF5}.Release|Any CPU.ActiveCfg = Release|Any CPU
		{A5733264-8EF0-4DD7-8922-D279DFCB1CF5}.Release|Any CPU.Build.0 = Release|Any CPU
	EndGlobalSection
	GlobalSection(SolutionProperties) = preSolution
		HideSolutionNode = FALSE
	EndGlobalSection
EndGlobal
